
Microsoft Visual Studio Solution File, Format Version 12.00
# Visual Studio Version 17
VisualStudioVersion = 17.2.32519.379
MinimumVisualStudioVersion = 10.0.40219.1
Project("{FAE04EC0-301F-11D3-BF4B-00C04F79EFBC}") = "TP Logica", "pt\TP Logica.csproj", "{B008E300-480D-4D38-A728-530E089B6839}"
EndProject
Global
	GlobalSection(SolutionConfigurationPlatforms) = preSolution
		Debug|Any CPU = Debug|Any CPU
		Release|Any CPU = Release|Any CPU
	EndGlobalSection
	GlobalSection(ProjectConfigurationPlatforms) = postSolution
		{B008E300-480D-4D38-A728-530E089B6839}.Debug|Any CPU.ActiveCfg = Debug|Any CPU
		{B008E300-480D-4D38-A728-530E089B6839}.Debug|Any CPU.Build.0 = Debug|Any CPU
		{B008E300-480D-4D38-A728-530E089B6839}.Release|Any CPU.ActiveCfg = Release|Any CPU
		{B008E300-480D-4D38-A728-530E089B6839}.Release|Any CPU.Build.0 = Release|Any CPU
	EndGlobalSection
	GlobalSection(SolutionProperties) = preSolution
		HideSolutionNode = FALSE
	EndGlobalSection
	GlobalSection(ExtensibilityGlobals) = postSolution
		SolutionGuid = {1CDFE2FD-441E-46D9-9907-B5C3F4646EE5}
	EndGlobalSection
EndGlobal
